// !$*UTF8*$!
{
	archiveVersion = 1;
	classes = {
	};
	objectVersion = 56;
	objects = {

/* Begin PBXBuildFile section */
		53768AB429C0EE4E00ACF1FA /* Double.swift in Sources */ = {isa = PBXBuildFile; fileRef = 53768AB329C0EE4E00ACF1FA /* Double.swift */; };
		53768AB729C0F4A700ACF1FA /* Algorithms in Frameworks */ = {isa = PBXBuildFile; productRef = 53768AB629C0F4A700ACF1FA /* Algorithms */; };
		5394A30329C25CD0009944CC /* CoinDetailsView.swift in Sources */ = {isa = PBXBuildFile; fileRef = 5394A30229C25CD0009944CC /* CoinDetailsView.swift */; };
		5394A30529C26182009944CC /* Color.swift in Sources */ = {isa = PBXBuildFile; fileRef = 5394A30429C26182009944CC /* Color.swift */; };
		5394A30929C27580009944CC /* CoinDetailsSection.swift in Sources */ = {isa = PBXBuildFile; fileRef = 5394A30829C27580009944CC /* CoinDetailsSection.swift */; };
		5394A30B29C2768E009944CC /* StatisticView.swift in Sources */ = {isa = PBXBuildFile; fileRef = 5394A30A29C2768E009944CC /* StatisticView.swift */; };
		53A822E729BE59B7005216AB /* Coin.swift in Sources */ = {isa = PBXBuildFile; fileRef = 53A822E629BE59B7005216AB /* Coin.swift */; };
		53ABC5B329C0E5A1004544A4 /* Kingfisher in Frameworks */ = {isa = PBXBuildFile; productRef = 53ABC5B229C0E5A1004544A4 /* Kingfisher */; };
		53AC2D0F29BCFE0B0012AEE6 /* CoinWatchApp.swift in Sources */ = {isa = PBXBuildFile; fileRef = 53AC2D0E29BCFE0B0012AEE6 /* CoinWatchApp.swift */; };
		53AC2D1329BCFE0C0012AEE6 /* Assets.xcassets in Resources */ = {isa = PBXBuildFile; fileRef = 53AC2D1229BCFE0C0012AEE6 /* Assets.xcassets */; };
		53AC2D1629BCFE0C0012AEE6 /* Preview Assets.xcassets in Resources */ = {isa = PBXBuildFile; fileRef = 53AC2D1529BCFE0C0012AEE6 /* Preview Assets.xcassets */; };
		53AC2D2529BCFFBE0012AEE6 /* HomeView.swift in Sources */ = {isa = PBXBuildFile; fileRef = 53AC2D2429BCFFBE0012AEE6 /* HomeView.swift */; };
		53AC2D2729BD01A00012AEE6 /* TopMoversView.swift in Sources */ = {isa = PBXBuildFile; fileRef = 53AC2D2629BD01A00012AEE6 /* TopMoversView.swift */; };
		53AC2D2929BD01C30012AEE6 /* TopMoversItemView.swift in Sources */ = {isa = PBXBuildFile; fileRef = 53AC2D2829BD01C30012AEE6 /* TopMoversItemView.swift */; };
		53AC2D2B29BD0D610012AEE6 /* AllCoinsView.swift in Sources */ = {isa = PBXBuildFile; fileRef = 53AC2D2A29BD0D610012AEE6 /* AllCoinsView.swift */; };
		53AC2D2D29BD0D930012AEE6 /* CoinRowView.swift in Sources */ = {isa = PBXBuildFile; fileRef = 53AC2D2C29BD0D930012AEE6 /* CoinRowView.swift */; };
		53AC2D2F29BD1BD50012AEE6 /* HomeViewModel.swift in Sources */ = {isa = PBXBuildFile; fileRef = 53AC2D2E29BD1BD50012AEE6 /* HomeViewModel.swift */; };
		53C6D07229C385760023DE94 /* StatisticModel.swift in Sources */ = {isa = PBXBuildFile; fileRef = 53C6D07129C385760023DE94 /* StatisticModel.swift */; };
		53C6D07429C387020023DE94 /* PreviewProvider.swift in Sources */ = {isa = PBXBuildFile; fileRef = 53C6D07329C387020023DE94 /* PreviewProvider.swift */; };
		53C6D07629C390C40023DE94 /* CoinDetailSectionModel.swift in Sources */ = {isa = PBXBuildFile; fileRef = 53C6D07529C390C40023DE94 /* CoinDetailSectionModel.swift */; };
		53F6C18329C4D26D00FD73E9 /* CoinDetailsViewModel.swift in Sources */ = {isa = PBXBuildFile; fileRef = 53F6C18229C4D26D00FD73E9 /* CoinDetailsViewModel.swift */; };
		53F6C18529C4E4C300FD73E9 /* ChartData.swift in Sources */ = {isa = PBXBuildFile; fileRef = 53F6C18429C4E4C300FD73E9 /* ChartData.swift */; };
		53F6C18729C5084100FD73E9 /* Date.swift in Sources */ = {isa = PBXBuildFile; fileRef = 53F6C18629C5084100FD73E9 /* Date.swift */; };
		53F6C18929C50CFB00FD73E9 /* ChartView.swift in Sources */ = {isa = PBXBuildFile; fileRef = 53F6C18829C50CFB00FD73E9 /* ChartView.swift */; };
/* End PBXBuildFile section */

/* Begin PBXFileReference section */
		53768AB329C0EE4E00ACF1FA /* Double.swift */ = {isa = PBXFileReference; lastKnownFileType = sourcecode.swift; path = Double.swift; sourceTree = "<group>"; };
		5394A30229C25CD0009944CC /* CoinDetailsView.swift */ = {isa = PBXFileReference; lastKnownFileType = sourcecode.swift; path = CoinDetailsView.swift; sourceTree = "<group>"; };
		5394A30429C26182009944CC /* Color.swift */ = {isa = PBXFileReference; lastKnownFileType = sourcecode.swift; path = Color.swift; sourceTree = "<group>"; };
		5394A30829C27580009944CC /* CoinDetailsSection.swift */ = {isa = PBXFileReference; lastKnownFileType = sourcecode.swift; path = CoinDetailsSection.swift; sourceTree = "<group>"; };
		5394A30A29C2768E009944CC /* StatisticView.swift */ = {isa = PBXFileReference; lastKnownFileType = sourcecode.swift; path = StatisticView.swift; sourceTree = "<group>"; };
		53A822E629BE59B7005216AB /* Coin.swift */ = {isa = PBXFileReference; lastKnownFileType = sourcecode.swift; path = Coin.swift; sourceTree = "<group>"; };
		53AC2D0B29BCFE0B0012AEE6 /* CoinWatch.app */ = {isa = PBXFileReference; explicitFileType = wrapper.application; includeInIndex = 0; path = CoinWatch.app; sourceTree = BUILT_PRODUCTS_DIR; };
		53AC2D0E29BCFE0B0012AEE6 /* CoinWatchApp.swift */ = {isa = PBXFileReference; lastKnownFileType = sourcecode.swift; path = CoinWatchApp.swift; sourceTree = "<group>"; };
		53AC2D1229BCFE0C0012AEE6 /* Assets.xcassets */ = {isa = PBXFileReference; lastKnownFileType = folder.assetcatalog; path = Assets.xcassets; sourceTree = "<group>"; };
		53AC2D1529BCFE0C0012AEE6 /* Preview Assets.xcassets */ = {isa = PBXFileReference; lastKnownFileType = folder.assetcatalog; path = "Preview Assets.xcassets"; sourceTree = "<group>"; };
		53AC2D2429BCFFBE0012AEE6 /* HomeView.swift */ = {isa = PBXFileReference; lastKnownFileType = sourcecode.swift; path = HomeView.swift; sourceTree = "<group>"; };
		53AC2D2629BD01A00012AEE6 /* TopMoversView.swift */ = {isa = PBXFileReference; lastKnownFileType = sourcecode.swift; path = TopMoversView.swift; sourceTree = "<group>"; };
		53AC2D2829BD01C30012AEE6 /* TopMoversItemView.swift */ = {isa = PBXFileReference; lastKnownFileType = sourcecode.swift; path = TopMoversItemView.swift; sourceTree = "<group>"; };
		53AC2D2A29BD0D610012AEE6 /* AllCoinsView.swift */ = {isa = PBXFileReference; lastKnownFileType = sourcecode.swift; path = AllCoinsView.swift; sourceTree = "<group>"; };
		53AC2D2C29BD0D930012AEE6 /* CoinRowView.swift */ = {isa = PBXFileReference; lastKnownFileType = sourcecode.swift; path = CoinRowView.swift; sourceTree = "<group>"; };
		53AC2D2E29BD1BD50012AEE6 /* HomeViewModel.swift */ = {isa = PBXFileReference; lastKnownFileType = sourcecode.swift; path = HomeViewModel.swift; sourceTree = "<group>"; };
		53C6D07129C385760023DE94 /* StatisticModel.swift */ = {isa = PBXFileReference; lastKnownFileType = sourcecode.swift; path = StatisticModel.swift; sourceTree = "<group>"; };
		53C6D07329C387020023DE94 /* PreviewProvider.swift */ = {isa = PBXFileReference; lastKnownFileType = sourcecode.swift; path = PreviewProvider.swift; sourceTree = "<group>"; };
		53C6D07529C390C40023DE94 /* CoinDetailSectionModel.swift */ = {isa = PBXFileReference; lastKnownFileType = sourcecode.swift; path = CoinDetailSectionModel.swift; sourceTree = "<group>"; };
		53F6C18229C4D26D00FD73E9 /* CoinDetailsViewModel.swift */ = {isa = PBXFileReference; lastKnownFileType = sourcecode.swift; path = CoinDetailsViewModel.swift; sourceTree = "<group>"; };
		53F6C18429C4E4C300FD73E9 /* ChartData.swift */ = {isa = PBXFileReference; lastKnownFileType = sourcecode.swift; path = ChartData.swift; sourceTree = "<group>"; };
		53F6C18629C5084100FD73E9 /* Date.swift */ = {isa = PBXFileReference; lastKnownFileType = sourcecode.swift; path = Date.swift; sourceTree = "<group>"; };
		53F6C18829C50CFB00FD73E9 /* ChartView.swift */ = {isa = PBXFileReference; lastKnownFileType = sourcecode.swift; path = ChartView.swift; sourceTree = "<group>"; };
/* End PBXFileReference section */

/* Begin PBXFrameworksBuildPhase section */
		53AC2D0829BCFE0B0012AEE6 /* Frameworks */ = {
			isa = PBXFrameworksBuildPhase;
			buildActionMask = 2147483647;
			files = (
				53768AB729C0F4A700ACF1FA /* Algorithms in Frameworks */,
				53ABC5B329C0E5A1004544A4 /* Kingfisher in Frameworks */,
			);
			runOnlyForDeploymentPostprocessing = 0;
		};
/* End PBXFrameworksBuildPhase section */

/* Begin PBXGroup section */
		5394A30129C25C89009944CC /* CoinDetails */ = {
			isa = PBXGroup;
			children = (
				5394A30729C2753B009944CC /* Views */,
				5394A30629C274F7009944CC /* ViewModels */,
			);
			path = CoinDetails;
			sourceTree = "<group>";
		};
		5394A30629C274F7009944CC /* ViewModels */ = {
			isa = PBXGroup;
			children = (
				53F6C18229C4D26D00FD73E9 /* CoinDetailsViewModel.swift */,
			);
			path = ViewModels;
			sourceTree = "<group>";
		};
		5394A30729C2753B009944CC /* Views */ = {
			isa = PBXGroup;
			children = (
				5394A30229C25CD0009944CC /* CoinDetailsView.swift */,
				5394A30829C27580009944CC /* CoinDetailsSection.swift */,
				5394A30A29C2768E009944CC /* StatisticView.swift */,
				53F6C18829C50CFB00FD73E9 /* ChartView.swift */,
			);
			path = Views;
			sourceTree = "<group>";
		};
		53AC2D0229BCFE0B0012AEE6 = {
			isa = PBXGroup;
			children = (
				53AC2D0D29BCFE0B0012AEE6 /* CoinWatch */,
				53AC2D0C29BCFE0B0012AEE6 /* Products */,
			);
			sourceTree = "<group>";
		};
		53AC2D0C29BCFE0B0012AEE6 /* Products */ = {
			isa = PBXGroup;
			children = (
				53AC2D0B29BCFE0B0012AEE6 /* CoinWatch.app */,
			);
			name = Products;
			sourceTree = "<group>";
		};
		53AC2D0D29BCFE0B0012AEE6 /* CoinWatch */ = {
			isa = PBXGroup;
			children = (
				53AC2D2029BCFE9F0012AEE6 /* Utils */,
				53AC2D1F29BCFE990012AEE6 /* Extensions */,
				53AC2D1E29BCFE910012AEE6 /* Models */,
				53AC2D1D29BCFE8C0012AEE6 /* Core */,
				53AC2D1C29BCFE6C0012AEE6 /* App */,
				53AC2D1229BCFE0C0012AEE6 /* Assets.xcassets */,
				53AC2D1429BCFE0C0012AEE6 /* Preview Content */,
			);
			path = CoinWatch;
			sourceTree = "<group>";
		};
		53AC2D1429BCFE0C0012AEE6 /* Preview Content */ = {
			isa = PBXGroup;
			children = (
				53AC2D1529BCFE0C0012AEE6 /* Preview Assets.xcassets */,
			);
			path = "Preview Content";
			sourceTree = "<group>";
		};
		53AC2D1C29BCFE6C0012AEE6 /* App */ = {
			isa = PBXGroup;
			children = (
				53AC2D0E29BCFE0B0012AEE6 /* CoinWatchApp.swift */,
			);
			path = App;
			sourceTree = "<group>";
		};
		53AC2D1D29BCFE8C0012AEE6 /* Core */ = {
			isa = PBXGroup;
			children = (
				5394A30129C25C89009944CC /* CoinDetails */,
				53AC2D2129BCFF3D0012AEE6 /* Home */,
			);
			path = Core;
			sourceTree = "<group>";
		};
		53AC2D1E29BCFE910012AEE6 /* Models */ = {
			isa = PBXGroup;
			children = (
				53A822E629BE59B7005216AB /* Coin.swift */,
				53C6D07129C385760023DE94 /* StatisticModel.swift */,
				53C6D07529C390C40023DE94 /* CoinDetailSectionModel.swift */,
				53F6C18429C4E4C300FD73E9 /* ChartData.swift */,
			);
			path = Models;
			sourceTree = "<group>";
		};
		53AC2D1F29BCFE990012AEE6 /* Extensions */ = {
			isa = PBXGroup;
			children = (
				53768AB329C0EE4E00ACF1FA /* Double.swift */,
				5394A30429C26182009944CC /* Color.swift */,
				53C6D07329C387020023DE94 /* PreviewProvider.swift */,
				53F6C18629C5084100FD73E9 /* Date.swift */,
			);
			path = Extensions;
			sourceTree = "<group>";
		};
		53AC2D2029BCFE9F0012AEE6 /* Utils */ = {
			isa = PBXGroup;
			children = (
			);
			path = Utils;
			sourceTree = "<group>";
		};
		53AC2D2129BCFF3D0012AEE6 /* Home */ = {
			isa = PBXGroup;
			children = (
				53AC2D2329BCFF8A0012AEE6 /* Views */,
				53AC2D2229BCFF860012AEE6 /* ViewModels */,
			);
			path = Home;
			sourceTree = "<group>";
		};
		53AC2D2229BCFF860012AEE6 /* ViewModels */ = {
			isa = PBXGroup;
			children = (
				53AC2D2E29BD1BD50012AEE6 /* HomeViewModel.swift */,
			);
			path = ViewModels;
			sourceTree = "<group>";
		};
		53AC2D2329BCFF8A0012AEE6 /* Views */ = {
			isa = PBXGroup;
			children = (
				53AC2D2429BCFFBE0012AEE6 /* HomeView.swift */,
				53AC2D2629BD01A00012AEE6 /* TopMoversView.swift */,
				53AC2D2829BD01C30012AEE6 /* TopMoversItemView.swift */,
				53AC2D2A29BD0D610012AEE6 /* AllCoinsView.swift */,
				53AC2D2C29BD0D930012AEE6 /* CoinRowView.swift */,
			);
			path = Views;
			sourceTree = "<group>";
		};
/* End PBXGroup section */

/* Begin PBXNativeTarget section */
		53AC2D0A29BCFE0B0012AEE6 /* CoinWatch */ = {
			isa = PBXNativeTarget;
			buildConfigurationList = 53AC2D1929BCFE0C0012AEE6 /* Build configuration list for PBXNativeTarget "CoinWatch" */;
			buildPhases = (
				53AC2D0729BCFE0B0012AEE6 /* Sources */,
				53AC2D0829BCFE0B0012AEE6 /* Frameworks */,
				53AC2D0929BCFE0B0012AEE6 /* Resources */,
			);
			buildRules = (
			);
			dependencies = (
			);
			name = CoinWatch;
			packageProductDependencies = (
				53ABC5B229C0E5A1004544A4 /* Kingfisher */,
				53768AB629C0F4A700ACF1FA /* Algorithms */,
			);
			productName = CoinWatch;
			productReference = 53AC2D0B29BCFE0B0012AEE6 /* CoinWatch.app */;
			productType = "com.apple.product-type.application";
		};
/* End PBXNativeTarget section */

/* Begin PBXProject section */
		53AC2D0329BCFE0B0012AEE6 /* Project object */ = {
			isa = PBXProject;
			attributes = {
				BuildIndependentTargetsInParallel = 1;
				LastSwiftUpdateCheck = 1420;
				LastUpgradeCheck = 1420;
				TargetAttributes = {
					53AC2D0A29BCFE0B0012AEE6 = {
						CreatedOnToolsVersion = 14.2;
					};
				};
			};
			buildConfigurationList = 53AC2D0629BCFE0B0012AEE6 /* Build configuration list for PBXProject "CoinWatch" */;
			compatibilityVersion = "Xcode 14.0";
			developmentRegion = en;
			hasScannedForEncodings = 0;
			knownRegions = (
				en,
				Base,
			);
			mainGroup = 53AC2D0229BCFE0B0012AEE6;
			packageReferences = (
				53ABC5B129C0E5A1004544A4 /* XCRemoteSwiftPackageReference "Kingfisher" */,
				53768AB529C0F4A700ACF1FA /* XCRemoteSwiftPackageReference "swift-algorithms" */,
			);
			productRefGroup = 53AC2D0C29BCFE0B0012AEE6 /* Products */;
			projectDirPath = "";
			projectRoot = "";
			targets = (
				53AC2D0A29BCFE0B0012AEE6 /* CoinWatch */,
			);
		};
/* End PBXProject section */

/* Begin PBXResourcesBuildPhase section */
		53AC2D0929BCFE0B0012AEE6 /* Resources */ = {
			isa = PBXResourcesBuildPhase;
			buildActionMask = 2147483647;
			files = (
				53AC2D1629BCFE0C0012AEE6 /* Preview Assets.xcassets in Resources */,
				53AC2D1329BCFE0C0012AEE6 /* Assets.xcassets in Resources */,
			);
			runOnlyForDeploymentPostprocessing = 0;
		};
/* End PBXResourcesBuildPhase section */

/* Begin PBXSourcesBuildPhase section */
		53AC2D0729BCFE0B0012AEE6 /* Sources */ = {
			isa = PBXSourcesBuildPhase;
			buildActionMask = 2147483647;
			files = (
				53AC2D2D29BD0D930012AEE6 /* CoinRowView.swift in Sources */,
				53AC2D2529BCFFBE0012AEE6 /* HomeView.swift in Sources */,
				5394A30529C26182009944CC /* Color.swift in Sources */,
				53F6C18929C50CFB00FD73E9 /* ChartView.swift in Sources */,
				5394A30329C25CD0009944CC /* CoinDetailsView.swift in Sources */,
				53F6C18529C4E4C300FD73E9 /* ChartData.swift in Sources */,
				53AC2D2F29BD1BD50012AEE6 /* HomeViewModel.swift in Sources */,
				53C6D07429C387020023DE94 /* PreviewProvider.swift in Sources */,
				5394A30B29C2768E009944CC /* StatisticView.swift in Sources */,
				53AC2D2729BD01A00012AEE6 /* TopMoversView.swift in Sources */,
				53AC2D2B29BD0D610012AEE6 /* AllCoinsView.swift in Sources */,
				53C6D07629C390C40023DE94 /* CoinDetailSectionModel.swift in Sources */,
				53C6D07229C385760023DE94 /* StatisticModel.swift in Sources */,
				53AC2D0F29BCFE0B0012AEE6 /* CoinWatchApp.swift in Sources */,
				53A822E729BE59B7005216AB /* Coin.swift in Sources */,
				53768AB429C0EE4E00ACF1FA /* Double.swift in Sources */,
				53AC2D2929BD01C30012AEE6 /* TopMoversItemView.swift in Sources */,
				53F6C18729C5084100FD73E9 /* Date.swift in Sources */,
				53F6C18329C4D26D00FD73E9 /* CoinDetailsViewModel.swift in Sources */,
				5394A30929C27580009944CC /* CoinDetailsSection.swift in Sources */,
			);
			runOnlyForDeploymentPostprocessing = 0;
		};
/* End PBXSourcesBuildPhase section */

/* Begin XCBuildConfiguration section */
		53AC2D1729BCFE0C0012AEE6 /* Debug */ = {
			isa = XCBuildConfiguration;
			buildSettings = {
				ALWAYS_SEARCH_USER_PATHS = NO;
				CLANG_ANALYZER_NONNULL = YES;
				CLANG_ANALYZER_NUMBER_OBJECT_CONVERSION = YES_AGGRESSIVE;
				CLANG_CXX_LANGUAGE_STANDARD = "gnu++20";
				CLANG_ENABLE_MODULES = YES;
				CLANG_ENABLE_OBJC_ARC = YES;
				CLANG_ENABLE_OBJC_WEAK = YES;
				CLANG_WARN_BLOCK_CAPTURE_AUTORELEASING = YES;
				CLANG_WARN_BOOL_CONVERSION = YES;
				CLANG_WARN_COMMA = YES;
				CLANG_WARN_CONSTANT_CONVERSION = YES;
				CLANG_WARN_DEPRECATED_OBJC_IMPLEMENTATIONS = YES;
				CLANG_WARN_DIRECT_OBJC_ISA_USAGE = YES_ERROR;
				CLANG_WARN_DOCUMENTATION_COMMENTS = YES;
				CLANG_WARN_EMPTY_BODY = YES;
				CLANG_WARN_ENUM_CONVERSION = YES;
				CLANG_WARN_INFINITE_RECURSION = YES;
				CLANG_WARN_INT_CONVERSION = YES;
				CLANG_WARN_NON_LITERAL_NULL_CONVERSION = YES;
				CLANG_WARN_OBJC_IMPLICIT_RETAIN_SELF = YES;
				CLANG_WARN_OBJC_LITERAL_CONVERSION = YES;
				CLANG_WARN_OBJC_ROOT_CLASS = YES_ERROR;
				CLANG_WARN_QUOTED_INCLUDE_IN_FRAMEWORK_HEADER = YES;
				CLANG_WARN_RANGE_LOOP_ANALYSIS = YES;
				CLANG_WARN_STRICT_PROTOTYPES = YES;
				CLANG_WARN_SUSPICIOUS_MOVE = YES;
				CLANG_WARN_UNGUARDED_AVAILABILITY = YES_AGGRESSIVE;
				CLANG_WARN_UNREACHABLE_CODE = YES;
				CLANG_WARN__DUPLICATE_METHOD_MATCH = YES;
				COPY_PHASE_STRIP = NO;
				DEBUG_INFORMATION_FORMAT = dwarf;
				ENABLE_STRICT_OBJC_MSGSEND = YES;
				ENABLE_TESTABILITY = YES;
				GCC_C_LANGUAGE_STANDARD = gnu11;
				GCC_DYNAMIC_NO_PIC = NO;
				GCC_NO_COMMON_BLOCKS = YES;
				GCC_OPTIMIZATION_LEVEL = 0;
				GCC_PREPROCESSOR_DEFINITIONS = (
					"DEBUG=1",
					"$(inherited)",
				);
				GCC_WARN_64_TO_32_BIT_CONVERSION = YES;
				GCC_WARN_ABOUT_RETURN_TYPE = YES_ERROR;
				GCC_WARN_UNDECLARED_SELECTOR = YES;
				GCC_WARN_UNINITIALIZED_AUTOS = YES_AGGRESSIVE;
				GCC_WARN_UNUSED_FUNCTION = YES;
				GCC_WARN_UNUSED_VARIABLE = YES;
				IPHONEOS_DEPLOYMENT_TARGET = 16.2;
				MTL_ENABLE_DEBUG_INFO = INCLUDE_SOURCE;
				MTL_FAST_MATH = YES;
				ONLY_ACTIVE_ARCH = YES;
				SDKROOT = iphoneos;
				SWIFT_ACTIVE_COMPILATION_CONDITIONS = DEBUG;
				SWIFT_OPTIMIZATION_LEVEL = "-Onone";
			};
			name = Debug;
		};
		53AC2D1829BCFE0C0012AEE6 /* Release */ = {
			isa = XCBuildConfiguration;
			buildSettings = {
				ALWAYS_SEARCH_USER_PATHS = NO;
				CLANG_ANALYZER_NONNULL = YES;
				CLANG_ANALYZER_NUMBER_OBJECT_CONVERSION = YES_AGGRESSIVE;
				CLANG_CXX_LANGUAGE_STANDARD = "gnu++20";
				CLANG_ENABLE_MODULES = YES;
				CLANG_ENABLE_OBJC_ARC = YES;
				CLANG_ENABLE_OBJC_WEAK = YES;
				CLANG_WARN_BLOCK_CAPTURE_AUTORELEASING = YES;
				CLANG_WARN_BOOL_CONVERSION = YES;
				CLANG_WARN_COMMA = YES;
				CLANG_WARN_CONSTANT_CONVERSION = YES;
				CLANG_WARN_DEPRECATED_OBJC_IMPLEMENTATIONS = YES;
				CLANG_WARN_DIRECT_OBJC_ISA_USAGE = YES_ERROR;
				CLANG_WARN_DOCUMENTATION_COMMENTS = YES;
				CLANG_WARN_EMPTY_BODY = YES;
				CLANG_WARN_ENUM_CONVERSION = YES;
				CLANG_WARN_INFINITE_RECURSION = YES;
				CLANG_WARN_INT_CONVERSION = YES;
				CLANG_WARN_NON_LITERAL_NULL_CONVERSION = YES;
				CLANG_WARN_OBJC_IMPLICIT_RETAIN_SELF = YES;
				CLANG_WARN_OBJC_LITERAL_CONVERSION = YES;
				CLANG_WARN_OBJC_ROOT_CLASS = YES_ERROR;
				CLANG_WARN_QUOTED_INCLUDE_IN_FRAMEWORK_HEADER = YES;
				CLANG_WARN_RANGE_LOOP_ANALYSIS = YES;
				CLANG_WARN_STRICT_PROTOTYPES = YES;
				CLANG_WARN_SUSPICIOUS_MOVE = YES;
				CLANG_WARN_UNGUARDED_AVAILABILITY = YES_AGGRESSIVE;
				CLANG_WARN_UNREACHABLE_CODE = YES;
				CLANG_WARN__DUPLICATE_METHOD_MATCH = YES;
				COPY_PHASE_STRIP = NO;
				DEBUG_INFORMATION_FORMAT = "dwarf-with-dsym";
				ENABLE_NS_ASSERTIONS = NO;
				ENABLE_STRICT_OBJC_MSGSEND = YES;
				GCC_C_LANGUAGE_STANDARD = gnu11;
				GCC_NO_COMMON_BLOCKS = YES;
				GCC_WARN_64_TO_32_BIT_CONVERSION = YES;
				GCC_WARN_ABOUT_RETURN_TYPE = YES_ERROR;
				GCC_WARN_UNDECLARED_SELECTOR = YES;
				GCC_WARN_UNINITIALIZED_AUTOS = YES_AGGRESSIVE;
				GCC_WARN_UNUSED_FUNCTION = YES;
				GCC_WARN_UNUSED_VARIABLE = YES;
				IPHONEOS_DEPLOYMENT_TARGET = 16.2;
				MTL_ENABLE_DEBUG_INFO = NO;
				MTL_FAST_MATH = YES;
				SDKROOT = iphoneos;
				SWIFT_COMPILATION_MODE = wholemodule;
				SWIFT_OPTIMIZATION_LEVEL = "-O";
				VALIDATE_PRODUCT = YES;
			};
			name = Release;
		};
		53AC2D1A29BCFE0C0012AEE6 /* Debug */ = {
			isa = XCBuildConfiguration;
			buildSettings = {
				ASSETCATALOG_COMPILER_APPICON_NAME = AppIcon;
				ASSETCATALOG_COMPILER_GLOBAL_ACCENT_COLOR_NAME = AccentColor;
				CODE_SIGN_STYLE = Automatic;
				CURRENT_PROJECT_VERSION = 1;
				DEVELOPMENT_ASSET_PATHS = "\"CoinWatch/Preview Content\"";
				DEVELOPMENT_TEAM = 3URHWHCC7C;
				ENABLE_PREVIEWS = YES;
				GENERATE_INFOPLIST_FILE = YES;
				INFOPLIST_KEY_UIApplicationSceneManifest_Generation = YES;
				INFOPLIST_KEY_UIApplicationSupportsIndirectInputEvents = YES;
				INFOPLIST_KEY_UILaunchScreen_Generation = YES;
				INFOPLIST_KEY_UISupportedInterfaceOrientations_iPad = "UIInterfaceOrientationPortrait UIInterfaceOrientationPortraitUpsideDown UIInterfaceOrientationLandscapeLeft UIInterfaceOrientationLandscapeRight";
				INFOPLIST_KEY_UISupportedInterfaceOrientations_iPhone = "UIInterfaceOrientationPortrait UIInterfaceOrientationLandscapeLeft UIInterfaceOrientationLandscapeRight";
				LD_RUNPATH_SEARCH_PATHS = (
					"$(inherited)",
					"@executable_path/Frameworks",
				);
				MARKETING_VERSION = 1.0;
				PRODUCT_BUNDLE_IDENTIFIER = csharpTech.net.CoinWatch;
				PRODUCT_NAME = "$(TARGET_NAME)";
				SWIFT_EMIT_LOC_STRINGS = YES;
				SWIFT_VERSION = 5.0;
				TARGETED_DEVICE_FAMILY = "1,2";
			};
			name = Debug;
		};
		53AC2D1B29BCFE0C0012AEE6 /* Release */ = {
			isa = XCBuildConfiguration;
			buildSettings = {
				ASSETCATALOG_COMPILER_APPICON_NAME = AppIcon;
				ASSETCATALOG_COMPILER_GLOBAL_ACCENT_COLOR_NAME = AccentColor;
				CODE_SIGN_STYLE = Automatic;
				CURRENT_PROJECT_VERSION = 1;
				DEVELOPMENT_ASSET_PATHS = "\"CoinWatch/Preview Content\"";
				DEVELOPMENT_TEAM = 3URHWHCC7C;
				ENABLE_PREVIEWS = YES;
				GENERATE_INFOPLIST_FILE = YES;
				INFOPLIST_KEY_UIApplicationSceneManifest_Generation = YES;
				INFOPLIST_KEY_UIApplicationSupportsIndirectInputEvents = YES;
				INFOPLIST_KEY_UILaunchScreen_Generation = YES;
				INFOPLIST_KEY_UISupportedInterfaceOrientations_iPad = "UIInterfaceOrientationPortrait UIInterfaceOrientationPortraitUpsideDown UIInterfaceOrientationLandscapeLeft UIInterfaceOrientationLandscapeRight";
				INFOPLIST_KEY_UISupportedInterfaceOrientations_iPhone = "UIInterfaceOrientationPortrait UIInterfaceOrientationLandscapeLeft UIInterfaceOrientationLandscapeRight";
				LD_RUNPATH_SEARCH_PATHS = (
					"$(inherited)",
					"@executable_path/Frameworks",
				);
				MARKETING_VERSION = 1.0;
				PRODUCT_BUNDLE_IDENTIFIER = csharpTech.net.CoinWatch;
				PRODUCT_NAME = "$(TARGET_NAME)";
				SWIFT_EMIT_LOC_STRINGS = YES;
				SWIFT_VERSION = 5.0;
				TARGETED_DEVICE_FAMILY = "1,2";
			};
			name = Release;
		};
/* End XCBuildConfiguration section */

/* Begin XCConfigurationList section */
		53AC2D0629BCFE0B0012AEE6 /* Build configuration list for PBXProject "CoinWatch" */ = {
			isa = XCConfigurationList;
			buildConfigurations = (
				53AC2D1729BCFE0C0012AEE6 /* Debug */,
				53AC2D1829BCFE0C0012AEE6 /* Release */,
			);
			defaultConfigurationIsVisible = 0;
			defaultConfigurationName = Release;
		};
		53AC2D1929BCFE0C0012AEE6 /* Build configuration list for PBXNativeTarget "CoinWatch" */ = {
			isa = XCConfigurationList;
			buildConfigurations = (
				53AC2D1A29BCFE0C0012AEE6 /* Debug */,
				53AC2D1B29BCFE0C0012AEE6 /* Release */,
			);
			defaultConfigurationIsVisible = 0;
			defaultConfigurationName = Release;
		};
/* End XCConfigurationList section */

/* Begin XCRemoteSwiftPackageReference section */
		53768AB529C0F4A700ACF1FA /* XCRemoteSwiftPackageReference "swift-algorithms" */ = {
			isa = XCRemoteSwiftPackageReference;
			repositoryURL = "https://github.com/apple/swift-algorithms.git";
			requirement = {
				kind = upToNextMajorVersion;
				minimumVersion = 1.0.0;
			};
		};
		53ABC5B129C0E5A1004544A4 /* XCRemoteSwiftPackageReference "Kingfisher" */ = {
			isa = XCRemoteSwiftPackageReference;
			repositoryURL = "https://github.com/onevcat/Kingfisher.git";
			requirement = {
				kind = upToNextMajorVersion;
				minimumVersion = 7.0.0;
			};
		};
/* End XCRemoteSwiftPackageReference section */

/* Begin XCSwiftPackageProductDependency section */
		53768AB629C0F4A700ACF1FA /* Algorithms */ = {
			isa = XCSwiftPackageProductDependency;
			package = 53768AB529C0F4A700ACF1FA /* XCRemoteSwiftPackageReference "swift-algorithms" */;
			productName = Algorithms;
		};
		53ABC5B229C0E5A1004544A4 /* Kingfisher */ = {
			isa = XCSwiftPackageProductDependency;
			package = 53ABC5B129C0E5A1004544A4 /* XCRemoteSwiftPackageReference "Kingfisher" */;
			productName = Kingfisher;
		};
/* End XCSwiftPackageProductDependency section */
	};
	rootObject = 53AC2D0329BCFE0B0012AEE6 /* Project object */;
}
